
Microsoft Visual Studio Solution File, Format Version 12.00
# Visual Studio Version 16
VisualStudioVersion = 16.0.32228.343
MinimumVisualStudioVersion = 10.0.40219.1
Project("{FAE04EC0-301F-11D3-BF4B-00C04F79EFBC}") = "GrooveSUPatcher", "GrooveSUPatcher\GrooveSUPatcher.csproj", "{97B25EA0-8388-4D29-BD88-583CB2B45EB3}"
EndProject
Global
	GlobalSection(SolutionConfigurationPlatforms) = preSolution
		Debug|Any CPU = Debug|Any CPU
		Release|Any CPU = Release|Any CPU
	EndGlobalSection
	GlobalSection(ProjectConfigurationPlatforms) = postSolution
		{97B25EA0-8388-4D29-BD88-583CB2B45EB3}.Debug|Any CPU.ActiveCfg = Debug|Any CPU
		{97B25EA0-8388-4D29-BD88-583CB2B45EB3}.Debug|Any CPU.Build.0 = Debug|Any CPU
		{97B25EA0-8388-4D29-BD88-583CB2B45EB3}.Release|Any CPU.ActiveCfg = Release|Any CPU
		{97B25EA0-8388-4D29-BD88-583CB2B45EB3}.Release|Any CPU.Build.0 = Release|Any CPU
	EndGlobalSection
	GlobalSection(SolutionProperties) = preSolution
		HideSolutionNode = FALSE
	EndGlobalSection
	GlobalSection(ExtensibilityGlobals) = postSolution
		SolutionGuid = {2FBDB866-4AAC-4083-9A6F-E0F100D5FD10}
	EndGlobalSection
EndGlobal
